// !$*UTF8*$!
{
	archiveVersion = 1;
	classes = {
	};
	objectVersion = 56;
	objects = {

/* Begin PBXBuildFile section */
		88FE5DB32A469ED90044D5B6 /* Useless_AppApp.swift in Sources */ = {isa = PBXBuildFile; fileRef = 88FE5DB22A469ED90044D5B6 /* Useless_AppApp.swift */; };
		88FE5DB52A469ED90044D5B6 /* ContentView.swift in Sources */ = {isa = PBXBuildFile; fileRef = 88FE5DB42A469ED90044D5B6 /* ContentView.swift */; };
		88FE5DB72A469EDA0044D5B6 /* Assets.xcassets in Resources */ = {isa = PBXBuildFile; fileRef = 88FE5DB62A469EDA0044D5B6 /* Assets.xcassets */; };
		88FE5DBA2A469EDA0044D5B6 /* Preview Assets.xcassets in Resources */ = {isa = PBXBuildFile; fileRef = 88FE5DB92A469EDA0044D5B6 /* Preview Assets.xcassets */; };
		F1630F132A4FBC960085FBF5 /* FlashbangView.swift in Sources */ = {isa = PBXBuildFile; fileRef = F1630F122A4FBC960085FBF5 /* FlashbangView.swift */; };
		F194DAA82A4FC68A008C3D2F /* Subsonic in Frameworks */ = {isa = PBXBuildFile; productRef = F194DAA72A4FC68A008C3D2F /* Subsonic */; };
		F194DAAA2A4FC69B008C3D2F /* PunjabiMC.mp3 in Resources */ = {isa = PBXBuildFile; fileRef = F194DAA92A4FC69B008C3D2F /* PunjabiMC.mp3 */; };
		F1AE02482A46A034003524AC /* PenguinCustomizer.swift in Sources */ = {isa = PBXBuildFile; fileRef = F1AE02472A46A034003524AC /* PenguinCustomizer.swift */; };
		F1AE024A2A46A289003524AC /* CustomisationTypes.swift in Sources */ = {isa = PBXBuildFile; fileRef = F1AE02492A46A289003524AC /* CustomisationTypes.swift */; };
		F1F08A962A46E5600008D0F5 /* AnimationView.swift in Sources */ = {isa = PBXBuildFile; fileRef = F1F08A952A46E5600008D0F5 /* AnimationView.swift */; };
		F1F08AA22A4804600008D0F5 /* LaunchScreen.storyboard in Resources */ = {isa = PBXBuildFile; fileRef = F1F08AA12A4804600008D0F5 /* LaunchScreen.storyboard */; };
/* End PBXBuildFile section */

/* Begin PBXFileReference section */
		88FE5DAF2A469ED90044D5B6 /* Useless App.app */ = {isa = PBXFileReference; explicitFileType = wrapper.application; includeInIndex = 0; path = "Useless App.app"; sourceTree = BUILT_PRODUCTS_DIR; };
		88FE5DB22A469ED90044D5B6 /* Useless_AppApp.swift */ = {isa = PBXFileReference; lastKnownFileType = sourcecode.swift; path = Useless_AppApp.swift; sourceTree = "<group>"; };
		88FE5DB42A469ED90044D5B6 /* ContentView.swift */ = {isa = PBXFileReference; lastKnownFileType = sourcecode.swift; path = ContentView.swift; sourceTree = "<group>"; };
		88FE5DB62A469EDA0044D5B6 /* Assets.xcassets */ = {isa = PBXFileReference; lastKnownFileType = folder.assetcatalog; path = Assets.xcassets; sourceTree = "<group>"; };
		88FE5DB92A469EDA0044D5B6 /* Preview Assets.xcassets */ = {isa = PBXFileReference; lastKnownFileType = folder.assetcatalog; path = "Preview Assets.xcassets"; sourceTree = "<group>"; };
		F1630F122A4FBC960085FBF5 /* FlashbangView.swift */ = {isa = PBXFileReference; lastKnownFileType = sourcecode.swift; path = FlashbangView.swift; sourceTree = "<group>"; };
		F194DAA92A4FC69B008C3D2F /* PunjabiMC.mp3 */ = {isa = PBXFileReference; lastKnownFileType = audio.mp3; path = PunjabiMC.mp3; sourceTree = "<group>"; };
		F1AE02472A46A034003524AC /* PenguinCustomizer.swift */ = {isa = PBXFileReference; lastKnownFileType = sourcecode.swift; path = PenguinCustomizer.swift; sourceTree = "<group>"; };
		F1AE02492A46A289003524AC /* CustomisationTypes.swift */ = {isa = PBXFileReference; lastKnownFileType = sourcecode.swift; path = CustomisationTypes.swift; sourceTree = "<group>"; };
		F1F08A952A46E5600008D0F5 /* AnimationView.swift */ = {isa = PBXFileReference; lastKnownFileType = sourcecode.swift; path = AnimationView.swift; sourceTree = "<group>"; };
		F1F08AA12A4804600008D0F5 /* LaunchScreen.storyboard */ = {isa = PBXFileReference; lastKnownFileType = file.storyboard; path = LaunchScreen.storyboard; sourceTree = "<group>"; };
		F1F08AA32A48048C0008D0F5 /* Useless-App-Info.plist */ = {isa = PBXFileReference; lastKnownFileType = text.plist; path = "Useless-App-Info.plist"; sourceTree = SOURCE_ROOT; };
/* End PBXFileReference section */

/* Begin PBXFrameworksBuildPhase section */
		88FE5DAC2A469ED90044D5B6 /* Frameworks */ = {
			isa = PBXFrameworksBuildPhase;
			buildActionMask = 2147483647;
			files = (
				F194DAA82A4FC68A008C3D2F /* Subsonic in Frameworks */,
			);
			runOnlyForDeploymentPostprocessing = 0;
		};
/* End PBXFrameworksBuildPhase section */

/* Begin PBXGroup section */
		88FE5DA62A469ED90044D5B6 = {
			isa = PBXGroup;
			children = (
				88FE5DB12A469ED90044D5B6 /* Useless App */,
				88FE5DB02A469ED90044D5B6 /* Products */,
			);
			sourceTree = "<group>";
		};
		88FE5DB02A469ED90044D5B6 /* Products */ = {
			isa = PBXGroup;
			children = (
				88FE5DAF2A469ED90044D5B6 /* Useless App.app */,
			);
			name = Products;
			sourceTree = "<group>";
		};
		88FE5DB12A469ED90044D5B6 /* Useless App */ = {
			isa = PBXGroup;
			children = (
				F1F08AA32A48048C0008D0F5 /* Useless-App-Info.plist */,
				88FE5DB22A469ED90044D5B6 /* Useless_AppApp.swift */,
				88FE5DB42A469ED90044D5B6 /* ContentView.swift */,
				F1630F122A4FBC960085FBF5 /* FlashbangView.swift */,
				F1AE02492A46A289003524AC /* CustomisationTypes.swift */,
				F1AE02472A46A034003524AC /* PenguinCustomizer.swift */,
				F1F08AA12A4804600008D0F5 /* LaunchScreen.storyboard */,
				88FE5DB62A469EDA0044D5B6 /* Assets.xcassets */,
				F1F08A952A46E5600008D0F5 /* AnimationView.swift */,
				F194DAA92A4FC69B008C3D2F /* PunjabiMC.mp3 */,
				88FE5DB82A469EDA0044D5B6 /* Preview Content */,
			);
			path = "Useless App";
			sourceTree = "<group>";
		};
		88FE5DB82A469EDA0044D5B6 /* Preview Content */ = {
			isa = PBXGroup;
			children = (
				88FE5DB92A469EDA0044D5B6 /* Preview Assets.xcassets */,
			);
			path = "Preview Content";
			sourceTree = "<group>";
		};
/* End PBXGroup section */

/* Begin PBXNativeTarget section */
		88FE5DAE2A469ED90044D5B6 /* Useless App */ = {
			isa = PBXNativeTarget;
			buildConfigurationList = 88FE5DBD2A469EDA0044D5B6 /* Build configuration list for PBXNativeTarget "Useless App" */;
			buildPhases = (
				88FE5DAB2A469ED90044D5B6 /* Sources */,
				88FE5DAC2A469ED90044D5B6 /* Frameworks */,
				88FE5DAD2A469ED90044D5B6 /* Resources */,
			);
			buildRules = (
			);
			dependencies = (
			);
			name = "Useless App";
			packageProductDependencies = (
				F194DAA72A4FC68A008C3D2F /* Subsonic */,
			);
			productName = "Useless App";
			productReference = 88FE5DAF2A469ED90044D5B6 /* Useless App.app */;
			productType = "com.apple.product-type.application";
		};
/* End PBXNativeTarget section */

/* Begin PBXProject section */
		88FE5DA72A469ED90044D5B6 /* Project object */ = {
			isa = PBXProject;
			attributes = {
				BuildIndependentTargetsInParallel = 1;
				LastSwiftUpdateCheck = 1430;
				LastUpgradeCheck = 1430;
				TargetAttributes = {
					88FE5DAE2A469ED90044D5B6 = {
						CreatedOnToolsVersion = 14.3;
					};
				};
			};
			buildConfigurationList = 88FE5DAA2A469ED90044D5B6 /* Build configuration list for PBXProject "Useless App" */;
			compatibilityVersion = "Xcode 14.0";
			developmentRegion = en;
			hasScannedForEncodings = 0;
			knownRegions = (
				en,
				Base,
			);
			mainGroup = 88FE5DA62A469ED90044D5B6;
			packageReferences = (
				F194DAA62A4FC68A008C3D2F /* XCRemoteSwiftPackageReference "Subsonic" */,
			);
			productRefGroup = 88FE5DB02A469ED90044D5B6 /* Products */;
			projectDirPath = "";
			projectRoot = "";
			targets = (
				88FE5DAE2A469ED90044D5B6 /* Useless App */,
			);
		};
/* End PBXProject section */

/* Begin PBXResourcesBuildPhase section */
		88FE5DAD2A469ED90044D5B6 /* Resources */ = {
			isa = PBXResourcesBuildPhase;
			buildActionMask = 2147483647;
			files = (
				F194DAAA2A4FC69B008C3D2F /* PunjabiMC.mp3 in Resources */,
				F1F08AA22A4804600008D0F5 /* LaunchScreen.storyboard in Resources */,
				88FE5DBA2A469EDA0044D5B6 /* Preview Assets.xcassets in Resources */,
				88FE5DB72A469EDA0044D5B6 /* Assets.xcassets in Resources */,
			);
			runOnlyForDeploymentPostprocessing = 0;
		};
/* End PBXResourcesBuildPhase section */

/* Begin PBXSourcesBuildPhase section */
		88FE5DAB2A469ED90044D5B6 /* Sources */ = {
			isa = PBXSourcesBuildPhase;
			buildActionMask = 2147483647;
			files = (
				88FE5DB52A469ED90044D5B6 /* ContentView.swift in Sources */,
				F1F08A962A46E5600008D0F5 /* AnimationView.swift in Sources */,
				F1AE02482A46A034003524AC /* PenguinCustomizer.swift in Sources */,
				F1AE024A2A46A289003524AC /* CustomisationTypes.swift in Sources */,
				88FE5DB32A469ED90044D5B6 /* Useless_AppApp.swift in Sources */,
				F1630F132A4FBC960085FBF5 /* FlashbangView.swift in Sources */,
			);
			runOnlyForDeploymentPostprocessing = 0;
		};
/* End PBXSourcesBuildPhase section */

/* Begin XCBuildConfiguration section */
		88FE5DBB2A469EDA0044D5B6 /* Debug */ = {
			isa = XCBuildConfiguration;
			buildSettings = {
				ALWAYS_SEARCH_USER_PATHS = NO;
				CLANG_ANALYZER_NONNULL = YES;
				CLANG_ANALYZER_NUMBER_OBJECT_CONVERSION = YES_AGGRESSIVE;
				CLANG_CXX_LANGUAGE_STANDARD = "gnu++20";
				CLANG_ENABLE_MODULES = YES;
				CLANG_ENABLE_OBJC_ARC = YES;
				CLANG_ENABLE_OBJC_WEAK = YES;
				CLANG_WARN_BLOCK_CAPTURE_AUTORELEASING = YES;
				CLANG_WARN_BOOL_CONVERSION = YES;
				CLANG_WARN_COMMA = YES;
				CLANG_WARN_CONSTANT_CONVERSION = YES;
				CLANG_WARN_DEPRECATED_OBJC_IMPLEMENTATIONS = YES;
				CLANG_WARN_DIRECT_OBJC_ISA_USAGE = YES_ERROR;
				CLANG_WARN_DOCUMENTATION_COMMENTS = YES;
				CLANG_WARN_EMPTY_BODY = YES;
				CLANG_WARN_ENUM_CONVERSION = YES;
				CLANG_WARN_INFINITE_RECURSION = YES;
				CLANG_WARN_INT_CONVERSION = YES;
				CLANG_WARN_NON_LITERAL_NULL_CONVERSION = YES;
				CLANG_WARN_OBJC_IMPLICIT_RETAIN_SELF = YES;
				CLANG_WARN_OBJC_LITERAL_CONVERSION = YES;
				CLANG_WARN_OBJC_ROOT_CLASS = YES_ERROR;
				CLANG_WARN_QUOTED_INCLUDE_IN_FRAMEWORK_HEADER = YES;
				CLANG_WARN_RANGE_LOOP_ANALYSIS = YES;
				CLANG_WARN_STRICT_PROTOTYPES = YES;
				CLANG_WARN_SUSPICIOUS_MOVE = YES;
				CLANG_WARN_UNGUARDED_AVAILABILITY = YES_AGGRESSIVE;
				CLANG_WARN_UNREACHABLE_CODE = YES;
				CLANG_WARN__DUPLICATE_METHOD_MATCH = YES;
				COPY_PHASE_STRIP = NO;
				DEBUG_INFORMATION_FORMAT = dwarf;
				ENABLE_STRICT_OBJC_MSGSEND = YES;
				ENABLE_TESTABILITY = YES;
				GCC_C_LANGUAGE_STANDARD = gnu11;
				GCC_DYNAMIC_NO_PIC = NO;
				GCC_NO_COMMON_BLOCKS = YES;
				GCC_OPTIMIZATION_LEVEL = 0;
				GCC_PREPROCESSOR_DEFINITIONS = (
					"DEBUG=1",
					"$(inherited)",
				);
				GCC_WARN_64_TO_32_BIT_CONVERSION = YES;
				GCC_WARN_ABOUT_RETURN_TYPE = YES_ERROR;
				GCC_WARN_UNDECLARED_SELECTOR = YES;
				GCC_WARN_UNINITIALIZED_AUTOS = YES_AGGRESSIVE;
				GCC_WARN_UNUSED_FUNCTION = YES;
				GCC_WARN_UNUSED_VARIABLE = YES;
				IPHONEOS_DEPLOYMENT_TARGET = 16.4;
				MTL_ENABLE_DEBUG_INFO = INCLUDE_SOURCE;
				MTL_FAST_MATH = YES;
				ONLY_ACTIVE_ARCH = YES;
				SDKROOT = iphoneos;
				SWIFT_ACTIVE_COMPILATION_CONDITIONS = DEBUG;
				SWIFT_OPTIMIZATION_LEVEL = "-Onone";
			};
			name = Debug;
		};
		88FE5DBC2A469EDA0044D5B6 /* Release */ = {
			isa = XCBuildConfiguration;
			buildSettings = {
				ALWAYS_SEARCH_USER_PATHS = NO;
				CLANG_ANALYZER_NONNULL = YES;
				CLANG_ANALYZER_NUMBER_OBJECT_CONVERSION = YES_AGGRESSIVE;
				CLANG_CXX_LANGUAGE_STANDARD = "gnu++20";
				CLANG_ENABLE_MODULES = YES;
				CLANG_ENABLE_OBJC_ARC = YES;
				CLANG_ENABLE_OBJC_WEAK = YES;
				CLANG_WARN_BLOCK_CAPTURE_AUTORELEASING = YES;
				CLANG_WARN_BOOL_CONVERSION = YES;
				CLANG_WARN_COMMA = YES;
				CLANG_WARN_CONSTANT_CONVERSION = YES;
				CLANG_WARN_DEPRECATED_OBJC_IMPLEMENTATIONS = YES;
				CLANG_WARN_DIRECT_OBJC_ISA_USAGE = YES_ERROR;
				CLANG_WARN_DOCUMENTATION_COMMENTS = YES;
				CLANG_WARN_EMPTY_BODY = YES;
				CLANG_WARN_ENUM_CONVERSION = YES;
				CLANG_WARN_INFINITE_RECURSION = YES;
				CLANG_WARN_INT_CONVERSION = YES;
				CLANG_WARN_NON_LITERAL_NULL_CONVERSION = YES;
				CLANG_WARN_OBJC_IMPLICIT_RETAIN_SELF = YES;
				CLANG_WARN_OBJC_LITERAL_CONVERSION = YES;
				CLANG_WARN_OBJC_ROOT_CLASS = YES_ERROR;
				CLANG_WARN_QUOTED_INCLUDE_IN_FRAMEWORK_HEADER = YES;
				CLANG_WARN_RANGE_LOOP_ANALYSIS = YES;
				CLANG_WARN_STRICT_PROTOTYPES = YES;
				CLANG_WARN_SUSPICIOUS_MOVE = YES;
				CLANG_WARN_UNGUARDED_AVAILABILITY = YES_AGGRESSIVE;
				CLANG_WARN_UNREACHABLE_CODE = YES;
				CLANG_WARN__DUPLICATE_METHOD_MATCH = YES;
				COPY_PHASE_STRIP = NO;
				DEBUG_INFORMATION_FORMAT = "dwarf-with-dsym";
				ENABLE_NS_ASSERTIONS = NO;
				ENABLE_STRICT_OBJC_MSGSEND = YES;
				GCC_C_LANGUAGE_STANDARD = gnu11;
				GCC_NO_COMMON_BLOCKS = YES;
				GCC_WARN_64_TO_32_BIT_CONVERSION = YES;
				GCC_WARN_ABOUT_RETURN_TYPE = YES_ERROR;
				GCC_WARN_UNDECLARED_SELECTOR = YES;
				GCC_WARN_UNINITIALIZED_AUTOS = YES_AGGRESSIVE;
				GCC_WARN_UNUSED_FUNCTION = YES;
				GCC_WARN_UNUSED_VARIABLE = YES;
				IPHONEOS_DEPLOYMENT_TARGET = 16.4;
				MTL_ENABLE_DEBUG_INFO = NO;
				MTL_FAST_MATH = YES;
				SDKROOT = iphoneos;
				SWIFT_COMPILATION_MODE = wholemodule;
				SWIFT_OPTIMIZATION_LEVEL = "-O";
				VALIDATE_PRODUCT = YES;
			};
			name = Release;
		};
		88FE5DBE2A469EDA0044D5B6 /* Debug */ = {
			isa = XCBuildConfiguration;
			buildSettings = {
				ASSETCATALOG_COMPILER_APPICON_NAME = AppIcon;
				ASSETCATALOG_COMPILER_GLOBAL_ACCENT_COLOR_NAME = AccentColor;
				CODE_SIGN_STYLE = Automatic;
				CURRENT_PROJECT_VERSION = 1;
				DEVELOPMENT_ASSET_PATHS = "\"Useless App/Preview Content\"";
				DEVELOPMENT_TEAM = 5S5Y9ZY58F;
				ENABLE_PREVIEWS = YES;
				GENERATE_INFOPLIST_FILE = YES;
				INFOPLIST_FILE = "Useless-App-Info.plist";
				INFOPLIST_KEY_UIApplicationSupportsIndirectInputEvents = YES;
				INFOPLIST_KEY_UILaunchStoryboardName = LaunchScreen.storyboard;
				INFOPLIST_KEY_UIRequiresFullScreen = NO;
				INFOPLIST_KEY_UISupportedInterfaceOrientations = UIInterfaceOrientationPortrait;
				INFOPLIST_KEY_UISupportedInterfaceOrientations_iPad = "UIInterfaceOrientationPortrait UIInterfaceOrientationPortraitUpsideDown";
				LD_RUNPATH_SEARCH_PATHS = (
					"$(inherited)",
					"@executable_path/Frameworks",
				);
				MARKETING_VERSION = 1.0;
				PRODUCT_BUNDLE_IDENTIFIER = "com.alpha.Useless-App";
				PRODUCT_NAME = "$(TARGET_NAME)";
				SWIFT_EMIT_LOC_STRINGS = YES;
				SWIFT_VERSION = 5.0;
				TARGETED_DEVICE_FAMILY = "1,2";
			};
			name = Debug;
		};
		88FE5DBF2A469EDA0044D5B6 /* Release */ = {
			isa = XCBuildConfiguration;
			buildSettings = {
				ASSETCATALOG_COMPILER_APPICON_NAME = AppIcon;
				ASSETCATALOG_COMPILER_GLOBAL_ACCENT_COLOR_NAME = AccentColor;
				CODE_SIGN_STYLE = Automatic;
				CURRENT_PROJECT_VERSION = 1;
				DEVELOPMENT_ASSET_PATHS = "\"Useless App/Preview Content\"";
				DEVELOPMENT_TEAM = 5S5Y9ZY58F;
				ENABLE_PREVIEWS = YES;
				GENERATE_INFOPLIST_FILE = YES;
				INFOPLIST_FILE = "Useless-App-Info.plist";
				INFOPLIST_KEY_UIApplicationSupportsIndirectInputEvents = YES;
				INFOPLIST_KEY_UILaunchStoryboardName = LaunchScreen.storyboard;
				INFOPLIST_KEY_UIRequiresFullScreen = NO;
				INFOPLIST_KEY_UISupportedInterfaceOrientations = UIInterfaceOrientationPortrait;
				INFOPLIST_KEY_UISupportedInterfaceOrientations_iPad = "UIInterfaceOrientationPortrait UIInterfaceOrientationPortraitUpsideDown";
				LD_RUNPATH_SEARCH_PATHS = (
					"$(inherited)",
					"@executable_path/Frameworks",
				);
				MARKETING_VERSION = 1.0;
				PRODUCT_BUNDLE_IDENTIFIER = "com.alpha.Useless-App";
				PRODUCT_NAME = "$(TARGET_NAME)";
				SWIFT_EMIT_LOC_STRINGS = YES;
				SWIFT_VERSION = 5.0;
				TARGETED_DEVICE_FAMILY = "1,2";
			};
			name = Release;
		};
/* End XCBuildConfiguration section */

/* Begin XCConfigurationList section */
		88FE5DAA2A469ED90044D5B6 /* Build configuration list for PBXProject "Useless App" */ = {
			isa = XCConfigurationList;
			buildConfigurations = (
				88FE5DBB2A469EDA0044D5B6 /* Debug */,
				88FE5DBC2A469EDA0044D5B6 /* Release */,
			);
			defaultConfigurationIsVisible = 0;
			defaultConfigurationName = Release;
		};
		88FE5DBD2A469EDA0044D5B6 /* Build configuration list for PBXNativeTarget "Useless App" */ = {
			isa = XCConfigurationList;
			buildConfigurations = (
				88FE5DBE2A469EDA0044D5B6 /* Debug */,
				88FE5DBF2A469EDA0044D5B6 /* Release */,
			);
			defaultConfigurationIsVisible = 0;
			defaultConfigurationName = Release;
		};
/* End XCConfigurationList section */

/* Begin XCRemoteSwiftPackageReference section */
		F194DAA62A4FC68A008C3D2F /* XCRemoteSwiftPackageReference "Subsonic" */ = {
			isa = XCRemoteSwiftPackageReference;
			repositoryURL = "https://github.com/twostraws/Subsonic.git";
			requirement = {
				kind = upToNextMajorVersion;
				minimumVersion = 0.2.0;
			};
		};
/* End XCRemoteSwiftPackageReference section */

/* Begin XCSwiftPackageProductDependency section */
		F194DAA72A4FC68A008C3D2F /* Subsonic */ = {
			isa = XCSwiftPackageProductDependency;
			package = F194DAA62A4FC68A008C3D2F /* XCRemoteSwiftPackageReference "Subsonic" */;
			productName = Subsonic;
		};
/* End XCSwiftPackageProductDependency section */
	};
	rootObject = 88FE5DA72A469ED90044D5B6 /* Project object */;
}
